
Microsoft Visual Studio Solution File, Format Version 12.00
# Visual Studio Version 17
VisualStudioVersion = 17.0.31903.59
MinimumVisualStudioVersion = 10.0.40219.1
Project("{FAE04EC0-301F-11D3-BF4B-00C04F79EFBC}") = "Trebuchet", "Trebuchet\Trebuchet.csproj", "{D2763867-C79F-40CA-9FB8-D2260D5E7A70}"
EndProject
Project("{FAE04EC0-301F-11D3-BF4B-00C04F79EFBC}") = "CubeConundrum", "CubeConundrum\CubeConundrum.csproj", "{3AF88CD6-DC86-47AF-A2DD-69D5B5FC298C}"
EndProject
Project("{FAE04EC0-301F-11D3-BF4B-00C04F79EFBC}") = "GearRatios", "GearRatios\GearRatios.csproj", "{964E5B76-B52C-4794-8B30-3BAB16106867}"
EndProject
Project("{FAE04EC0-301F-11D3-BF4B-00C04F79EFBC}") = "Scratchcards", "Scratchcards\Scratchcards.csproj", "{B12C093B-24B7-4D42-8F78-109A7B694F3B}"
EndProject
Project("{FAE04EC0-301F-11D3-BF4B-00C04F79EFBC}") = "Fertilizer", "Fertilizer\Fertilizer.csproj", "{A6E05D3A-CBB2-454B-913C-4D53B9FF9322}"
EndProject
Project("{FAE04EC0-301F-11D3-BF4B-00C04F79EFBC}") = "WaitForIt", "WaitForIt\WaitForIt.csproj", "{6BFD46EF-1B5E-4CCD-B0DE-B74336B324A5}"
EndProject
Project("{FAE04EC0-301F-11D3-BF4B-00C04F79EFBC}") = "CamelCards", "CamelCards\CamelCards.csproj", "{F1785605-F198-4F97-8EC1-662F46887AFB}"
EndProject
Project("{FAE04EC0-301F-11D3-BF4B-00C04F79EFBC}") = "HauntedWasteland", "HauntedWasteland\HauntedWasteland.csproj", "{A7CF5A70-05DE-4551-80D6-2D13EF8817B8}"
EndProject
Project("{FAE04EC0-301F-11D3-BF4B-00C04F79EFBC}") = "MirageMaintenance", "MirageMaintenance\MirageMaintenance.csproj", "{52A93595-D8CB-47A6-8331-A9791204465F}"
EndProject
Project("{FAE04EC0-301F-11D3-BF4B-00C04F79EFBC}") = "PipeMaze", "PipeMaze\PipeMaze.csproj", "{A71EE927-7B36-4A5D-AED8-CD1B854277F5}"
EndProject
Project("{FAE04EC0-301F-11D3-BF4B-00C04F79EFBC}") = "CosmicExpansion", "CosmicExpansion\CosmicExpansion.csproj", "{6E0560CF-320C-4EBE-91D0-9C35E6AD9B92}"
EndProject
Project("{FAE04EC0-301F-11D3-BF4B-00C04F79EFBC}") = "HotSprings", "HotSprings\HotSprings.csproj", "{9BE0CBE3-6B7C-4856-85CB-D95726DEF4D3}"
EndProject
Project("{FAE04EC0-301F-11D3-BF4B-00C04F79EFBC}") = "PointOfIncidence", "PointOfIncidence\PointOfIncidence.csproj", "{F4F9BA3F-0B71-4531-B611-4B9D388DCACC}"
EndProject
Global
	GlobalSection(SolutionConfigurationPlatforms) = preSolution
		Debug|Any CPU = Debug|Any CPU
		Release|Any CPU = Release|Any CPU
	EndGlobalSection
	GlobalSection(SolutionProperties) = preSolution
		HideSolutionNode = FALSE
	EndGlobalSection
	GlobalSection(ProjectConfigurationPlatforms) = postSolution
		{D2763867-C79F-40CA-9FB8-D2260D5E7A70}.Debug|Any CPU.ActiveCfg = Debug|Any CPU
		{D2763867-C79F-40CA-9FB8-D2260D5E7A70}.Debug|Any CPU.Build.0 = Debug|Any CPU
		{D2763867-C79F-40CA-9FB8-D2260D5E7A70}.Release|Any CPU.ActiveCfg = Release|Any CPU
		{D2763867-C79F-40CA-9FB8-D2260D5E7A70}.Release|Any CPU.Build.0 = Release|Any CPU
		{6FAA5710-89BF-414B-972C-640DE2D67300}.Debug|Any CPU.ActiveCfg = Debug|Any CPU
		{6FAA5710-89BF-414B-972C-640DE2D67300}.Debug|Any CPU.Build.0 = Debug|Any CPU
		{6FAA5710-89BF-414B-972C-640DE2D67300}.Release|Any CPU.ActiveCfg = Release|Any CPU
		{6FAA5710-89BF-414B-972C-640DE2D67300}.Release|Any CPU.Build.0 = Release|Any CPU
		{3AF88CD6-DC86-47AF-A2DD-69D5B5FC298C}.Debug|Any CPU.ActiveCfg = Debug|Any CPU
		{3AF88CD6-DC86-47AF-A2DD-69D5B5FC298C}.Debug|Any CPU.Build.0 = Debug|Any CPU
		{3AF88CD6-DC86-47AF-A2DD-69D5B5FC298C}.Release|Any CPU.ActiveCfg = Release|Any CPU
		{3AF88CD6-DC86-47AF-A2DD-69D5B5FC298C}.Release|Any CPU.Build.0 = Release|Any CPU
		{964E5B76-B52C-4794-8B30-3BAB16106867}.Debug|Any CPU.ActiveCfg = Debug|Any CPU
		{964E5B76-B52C-4794-8B30-3BAB16106867}.Debug|Any CPU.Build.0 = Debug|Any CPU
		{964E5B76-B52C-4794-8B30-3BAB16106867}.Release|Any CPU.ActiveCfg = Release|Any CPU
		{964E5B76-B52C-4794-8B30-3BAB16106867}.Release|Any CPU.Build.0 = Release|Any CPU
		{B12C093B-24B7-4D42-8F78-109A7B694F3B}.Debug|Any CPU.ActiveCfg = Debug|Any CPU
		{B12C093B-24B7-4D42-8F78-109A7B694F3B}.Debug|Any CPU.Build.0 = Debug|Any CPU
		{B12C093B-24B7-4D42-8F78-109A7B694F3B}.Release|Any CPU.ActiveCfg = Release|Any CPU
		{B12C093B-24B7-4D42-8F78-109A7B694F3B}.Release|Any CPU.Build.0 = Release|Any CPU
		{A6E05D3A-CBB2-454B-913C-4D53B9FF9322}.Debug|Any CPU.ActiveCfg = Debug|Any CPU
		{A6E05D3A-CBB2-454B-913C-4D53B9FF9322}.Debug|Any CPU.Build.0 = Debug|Any CPU
		{A6E05D3A-CBB2-454B-913C-4D53B9FF9322}.Release|Any CPU.ActiveCfg = Release|Any CPU
		{A6E05D3A-CBB2-454B-913C-4D53B9FF9322}.Release|Any CPU.Build.0 = Release|Any CPU
		{6BFD46EF-1B5E-4CCD-B0DE-B74336B324A5}.Debug|Any CPU.ActiveCfg = Debug|Any CPU
		{6BFD46EF-1B5E-4CCD-B0DE-B74336B324A5}.Debug|Any CPU.Build.0 = Debug|Any CPU
		{6BFD46EF-1B5E-4CCD-B0DE-B74336B324A5}.Release|Any CPU.ActiveCfg = Release|Any CPU
		{6BFD46EF-1B5E-4CCD-B0DE-B74336B324A5}.Release|Any CPU.Build.0 = Release|Any CPU
		{F1785605-F198-4F97-8EC1-662F46887AFB}.Debug|Any CPU.ActiveCfg = Debug|Any CPU
		{F1785605-F198-4F97-8EC1-662F46887AFB}.Debug|Any CPU.Build.0 = Debug|Any CPU
		{F1785605-F198-4F97-8EC1-662F46887AFB}.Release|Any CPU.ActiveCfg = Release|Any CPU
		{F1785605-F198-4F97-8EC1-662F46887AFB}.Release|Any CPU.Build.0 = Release|Any CPU
		{A7CF5A70-05DE-4551-80D6-2D13EF8817B8}.Debug|Any CPU.ActiveCfg = Debug|Any CPU
		{A7CF5A70-05DE-4551-80D6-2D13EF8817B8}.Debug|Any CPU.Build.0 = Debug|Any CPU
		{A7CF5A70-05DE-4551-80D6-2D13EF8817B8}.Release|Any CPU.ActiveCfg = Release|Any CPU
		{A7CF5A70-05DE-4551-80D6-2D13EF8817B8}.Release|Any CPU.Build.0 = Release|Any CPU
		{52A93595-D8CB-47A6-8331-A9791204465F}.Debug|Any CPU.ActiveCfg = Debug|Any CPU
		{52A93595-D8CB-47A6-8331-A9791204465F}.Debug|Any CPU.Build.0 = Debug|Any CPU
		{52A93595-D8CB-47A6-8331-A9791204465F}.Release|Any CPU.ActiveCfg = Release|Any CPU
		{52A93595-D8CB-47A6-8331-A9791204465F}.Release|Any CPU.Build.0 = Release|Any CPU
		{A71EE927-7B36-4A5D-AED8-CD1B854277F5}.Debug|Any CPU.ActiveCfg = Debug|Any CPU
		{A71EE927-7B36-4A5D-AED8-CD1B854277F5}.Debug|Any CPU.Build.0 = Debug|Any CPU
		{A71EE927-7B36-4A5D-AED8-CD1B854277F5}.Release|Any CPU.ActiveCfg = Release|Any CPU
		{A71EE927-7B36-4A5D-AED8-CD1B854277F5}.Release|Any CPU.Build.0 = Release|Any CPU
		{6E0560CF-320C-4EBE-91D0-9C35E6AD9B92}.Debug|Any CPU.ActiveCfg = Debug|Any CPU
		{6E0560CF-320C-4EBE-91D0-9C35E6AD9B92}.Debug|Any CPU.Build.0 = Debug|Any CPU
		{6E0560CF-320C-4EBE-91D0-9C35E6AD9B92}.Release|Any CPU.ActiveCfg = Release|Any CPU
		{6E0560CF-320C-4EBE-91D0-9C35E6AD9B92}.Release|Any CPU.Build.0 = Release|Any CPU
		{9BE0CBE3-6B7C-4856-85CB-D95726DEF4D3}.Debug|Any CPU.ActiveCfg = Debug|Any CPU
		{9BE0CBE3-6B7C-4856-85CB-D95726DEF4D3}.Debug|Any CPU.Build.0 = Debug|Any CPU
		{9BE0CBE3-6B7C-4856-85CB-D95726DEF4D3}.Release|Any CPU.ActiveCfg = Release|Any CPU
		{9BE0CBE3-6B7C-4856-85CB-D95726DEF4D3}.Release|Any CPU.Build.0 = Release|Any CPU
		{F4F9BA3F-0B71-4531-B611-4B9D388DCACC}.Debug|Any CPU.ActiveCfg = Debug|Any CPU
		{F4F9BA3F-0B71-4531-B611-4B9D388DCACC}.Debug|Any CPU.Build.0 = Debug|Any CPU
		{F4F9BA3F-0B71-4531-B611-4B9D388DCACC}.Release|Any CPU.ActiveCfg = Release|Any CPU
		{F4F9BA3F-0B71-4531-B611-4B9D388DCACC}.Release|Any CPU.Build.0 = Release|Any CPU
	EndGlobalSection
EndGlobal
