
Microsoft Visual Studio Solution File, Format Version 12.00
# Visual Studio Version 17
VisualStudioVersion = 17.0.31903.59
MinimumVisualStudioVersion = 10.0.40219.1
Project("{FAE04EC0-301F-11D3-BF4B-00C04F79EFBC}") = "Trebuchet", "Trebuchet\Trebuchet.csproj", "{D2763867-C79F-40CA-9FB8-D2260D5E7A70}"
EndProject
Project("{FAE04EC0-301F-11D3-BF4B-00C04F79EFBC}") = "CubeConundrum", "CubeConundrum\CubeConundrum.csproj", "{3AF88CD6-DC86-47AF-A2DD-69D5B5FC298C}"
EndProject
Project("{FAE04EC0-301F-11D3-BF4B-00C04F79EFBC}") = "GearRatios", "GearRatios\GearRatios.csproj", "{964E5B76-B52C-4794-8B30-3BAB16106867}"
EndProject
Project("{FAE04EC0-301F-11D3-BF4B-00C04F79EFBC}") = "Scratchcards", "Scratchcards\Scratchcards.csproj", "{B12C093B-24B7-4D42-8F78-109A7B694F3B}"
EndProject
Global
	GlobalSection(SolutionConfigurationPlatforms) = preSolution
		Debug|Any CPU = Debug|Any CPU
		Release|Any CPU = Release|Any CPU
	EndGlobalSection
	GlobalSection(SolutionProperties) = preSolution
		HideSolutionNode = FALSE
	EndGlobalSection
	GlobalSection(ProjectConfigurationPlatforms) = postSolution
		{D2763867-C79F-40CA-9FB8-D2260D5E7A70}.Debug|Any CPU.ActiveCfg = Debug|Any CPU
		{D2763867-C79F-40CA-9FB8-D2260D5E7A70}.Debug|Any CPU.Build.0 = Debug|Any CPU
		{D2763867-C79F-40CA-9FB8-D2260D5E7A70}.Release|Any CPU.ActiveCfg = Release|Any CPU
		{D2763867-C79F-40CA-9FB8-D2260D5E7A70}.Release|Any CPU.Build.0 = Release|Any CPU
		{6FAA5710-89BF-414B-972C-640DE2D67300}.Debug|Any CPU.ActiveCfg = Debug|Any CPU
		{6FAA5710-89BF-414B-972C-640DE2D67300}.Debug|Any CPU.Build.0 = Debug|Any CPU
		{6FAA5710-89BF-414B-972C-640DE2D67300}.Release|Any CPU.ActiveCfg = Release|Any CPU
		{6FAA5710-89BF-414B-972C-640DE2D67300}.Release|Any CPU.Build.0 = Release|Any CPU
		{3AF88CD6-DC86-47AF-A2DD-69D5B5FC298C}.Debug|Any CPU.ActiveCfg = Debug|Any CPU
		{3AF88CD6-DC86-47AF-A2DD-69D5B5FC298C}.Debug|Any CPU.Build.0 = Debug|Any CPU
		{3AF88CD6-DC86-47AF-A2DD-69D5B5FC298C}.Release|Any CPU.ActiveCfg = Release|Any CPU
		{3AF88CD6-DC86-47AF-A2DD-69D5B5FC298C}.Release|Any CPU.Build.0 = Release|Any CPU
		{964E5B76-B52C-4794-8B30-3BAB16106867}.Debug|Any CPU.ActiveCfg = Debug|Any CPU
		{964E5B76-B52C-4794-8B30-3BAB16106867}.Debug|Any CPU.Build.0 = Debug|Any CPU
		{964E5B76-B52C-4794-8B30-3BAB16106867}.Release|Any CPU.ActiveCfg = Release|Any CPU
		{964E5B76-B52C-4794-8B30-3BAB16106867}.Release|Any CPU.Build.0 = Release|Any CPU
		{B12C093B-24B7-4D42-8F78-109A7B694F3B}.Debug|Any CPU.ActiveCfg = Debug|Any CPU
		{B12C093B-24B7-4D42-8F78-109A7B694F3B}.Debug|Any CPU.Build.0 = Debug|Any CPU
		{B12C093B-24B7-4D42-8F78-109A7B694F3B}.Release|Any CPU.ActiveCfg = Release|Any CPU
		{B12C093B-24B7-4D42-8F78-109A7B694F3B}.Release|Any CPU.Build.0 = Release|Any CPU
	EndGlobalSection
EndGlobal
